
Microsoft Visual Studio Solution File, Format Version 12.00
# Visual Studio Version 16
VisualStudioVersion = 16.0.29905.134
MinimumVisualStudioVersion = 10.0.40219.1
Project("{9A19103F-16F7-4668-BE54-9A1E7A4F7556}") = "AzureCosmosDbFunc", "AzureCosmosDbFunc\AzureCosmosDbFunc.csproj", "{FFD8E217-D955-4B8C-A0CF-E0FE7C98F7BB}"
EndProject
Global
	GlobalSection(SolutionConfigurationPlatforms) = preSolution
		Debug|Any CPU = Debug|Any CPU
		Release|Any CPU = Release|Any CPU
	EndGlobalSection
	GlobalSection(ProjectConfigurationPlatforms) = postSolution
		{FFD8E217-D955-4B8C-A0CF-E0FE7C98F7BB}.Debug|Any CPU.ActiveCfg = Debug|Any CPU
		{FFD8E217-D955-4B8C-A0CF-E0FE7C98F7BB}.Debug|Any CPU.Build.0 = Debug|Any CPU
		{FFD8E217-D955-4B8C-A0CF-E0FE7C98F7BB}.Release|Any CPU.ActiveCfg = Release|Any CPU
		{FFD8E217-D955-4B8C-A0CF-E0FE7C98F7BB}.Release|Any CPU.Build.0 = Release|Any CPU
	EndGlobalSection
	GlobalSection(SolutionProperties) = preSolution
		HideSolutionNode = FALSE
	EndGlobalSection
	GlobalSection(ExtensibilityGlobals) = postSolution
		SolutionGuid = {18A4213B-C2BC-495A-B5C9-945205F9C1EF}
	EndGlobalSection
EndGlobal
